# THIS IS AN AUTOGENERATED FILE. DO NOT EDIT THIS FILE DIRECTLY.
# yarn lockfile v1


next-themes@^0.3.0:
  version "0.3.0"
  resolved "https://registry.yarnpkg.com/next-themes/-/next-themes-0.3.0.tgz#b4d2a866137a67d42564b07f3a3e720e2ff3871a"
  integrity sha512-/QHIrsYpd6Kfk7xakK4svpDI5mmXP0gfvCoJdGpZQ2TOrQZmsW0QxjaiLn8wbIKjtm4BTSqLoix4lxYYOnLJ/w==
